// !$*UTF8*$!
{
	archiveVersion = 1;
	classes = {
	};
	objectVersion = 46;
	objects = {

/* Begin PBXBuildFile section */
		197C01211AFBD4070056EA2C /* UserDetailViewController.swift in Sources */ = {isa = PBXBuildFile; fileRef = 197C01201AFBD4070056EA2C /* UserDetailViewController.swift */; };
		197C014D1AFD4E250056EA2C /* Alamofire.framework in Frameworks */ = {isa = PBXBuildFile; fileRef = 197C01411AFD4C840056EA2C /* Alamofire.framework */; };
		197C014E1AFD4E250056EA2C /* Alamofire.framework in Embed Frameworks */ = {isa = PBXBuildFile; fileRef = 197C01411AFD4C840056EA2C /* Alamofire.framework */; settings = {ATTRIBUTES = (CodeSignOnCopy, RemoveHeadersOnCopy, ); }; };
		197C01531AFD4ED60056EA2C /* User.swift in Sources */ = {isa = PBXBuildFile; fileRef = 197C01521AFD4ED60056EA2C /* User.swift */; };
		197C01551AFD509A0056EA2C /* GithubUserSearchAPI.swift in Sources */ = {isa = PBXBuildFile; fileRef = 197C01541AFD509A0056EA2C /* GithubUserSearchAPI.swift */; };
		19FF81791AFAFA8000721F5B /* AppDelegate.swift in Sources */ = {isa = PBXBuildFile; fileRef = 19FF81781AFAFA8000721F5B /* AppDelegate.swift */; };
		19FF817B1AFAFA8000721F5B /* ViewController.swift in Sources */ = {isa = PBXBuildFile; fileRef = 19FF817A1AFAFA8000721F5B /* ViewController.swift */; };
		19FF817E1AFAFA8000721F5B /* Main.storyboard in Resources */ = {isa = PBXBuildFile; fileRef = 19FF817C1AFAFA8000721F5B /* Main.storyboard */; };
		19FF81801AFAFA8000721F5B /* Images.xcassets in Resources */ = {isa = PBXBuildFile; fileRef = 19FF817F1AFAFA8000721F5B /* Images.xcassets */; };
		19FF81831AFAFA8000721F5B /* LaunchScreen.xib in Resources */ = {isa = PBXBuildFile; fileRef = 19FF81811AFAFA8000721F5B /* LaunchScreen.xib */; };
		19FF818F1AFAFA8000721F5B /* GithubUserSearch2Tests.swift in Sources */ = {isa = PBXBuildFile; fileRef = 19FF818E1AFAFA8000721F5B /* GithubUserSearch2Tests.swift */; };
/* End PBXBuildFile section */

/* Begin PBXContainerItemProxy section */
		197C01401AFD4C840056EA2C /* PBXContainerItemProxy */ = {
			isa = PBXContainerItemProxy;
			containerPortal = 197C01391AFD4C840056EA2C /* Alamofire.xcodeproj */;
			proxyType = 2;
			remoteGlobalIDString = F8111E3319A95C8B0040E7D1;
			remoteInfo = "Alamofire iOS";
		};
		197C01421AFD4C840056EA2C /* PBXContainerItemProxy */ = {
			isa = PBXContainerItemProxy;
			containerPortal = 197C01391AFD4C840056EA2C /* Alamofire.xcodeproj */;
			proxyType = 2;
			remoteGlobalIDString = 4DD67C0B1A5C55C900ED2280;
			remoteInfo = "Alamofire OSX";
		};
		197C01441AFD4C840056EA2C /* PBXContainerItemProxy */ = {
			isa = PBXContainerItemProxy;
			containerPortal = 197C01391AFD4C840056EA2C /* Alamofire.xcodeproj */;
			proxyType = 2;
			remoteGlobalIDString = F8111E3E19A95C8B0040E7D1;
			remoteInfo = "Alamofire iOS Tests";
		};
		197C01461AFD4C840056EA2C /* PBXContainerItemProxy */ = {
			isa = PBXContainerItemProxy;
			containerPortal = 197C01391AFD4C840056EA2C /* Alamofire.xcodeproj */;
			proxyType = 2;
			remoteGlobalIDString = F829C6B21A7A94F100A2CD59;
			remoteInfo = "Alamofire OSX Tests";
		};
		197C014F1AFD4E250056EA2C /* PBXContainerItemProxy */ = {
			isa = PBXContainerItemProxy;
			containerPortal = 197C01391AFD4C840056EA2C /* Alamofire.xcodeproj */;
			proxyType = 1;
			remoteGlobalIDString = F8111E3219A95C8B0040E7D1;
			remoteInfo = "Alamofire iOS";
		};
		19FF81891AFAFA8000721F5B /* PBXContainerItemProxy */ = {
			isa = PBXContainerItemProxy;
			containerPortal = 19FF816B1AFAFA8000721F5B /* Project object */;
			proxyType = 1;
			remoteGlobalIDString = 19FF81721AFAFA8000721F5B;
			remoteInfo = GithubUserSearch2;
		};
/* End PBXContainerItemProxy section */

/* Begin PBXCopyFilesBuildPhase section */
		197C01511AFD4E250056EA2C /* Embed Frameworks */ = {
			isa = PBXCopyFilesBuildPhase;
			buildActionMask = 2147483647;
			dstPath = "";
			dstSubfolderSpec = 10;
			files = (
				197C014E1AFD4E250056EA2C /* Alamofire.framework in Embed Frameworks */,
			);
			name = "Embed Frameworks";
			runOnlyForDeploymentPostprocessing = 0;
		};
/* End PBXCopyFilesBuildPhase section */

/* Begin PBXFileReference section */
		197C01201AFBD4070056EA2C /* UserDetailViewController.swift */ = {isa = PBXFileReference; fileEncoding = 4; lastKnownFileType = sourcecode.swift; path = UserDetailViewController.swift; sourceTree = "<group>"; };
		197C01391AFD4C840056EA2C /* Alamofire.xcodeproj */ = {isa = PBXFileReference; lastKnownFileType = "wrapper.pb-project"; name = Alamofire.xcodeproj; path = "Alamofire-master/Alamofire.xcodeproj"; sourceTree = "<group>"; };
		197C01521AFD4ED60056EA2C /* User.swift */ = {isa = PBXFileReference; fileEncoding = 4; lastKnownFileType = sourcecode.swift; path = User.swift; sourceTree = "<group>"; };
		197C01541AFD509A0056EA2C /* GithubUserSearchAPI.swift */ = {isa = PBXFileReference; fileEncoding = 4; lastKnownFileType = sourcecode.swift; path = GithubUserSearchAPI.swift; sourceTree = "<group>"; };
		19FF81731AFAFA8000721F5B /* GithubUserSearch2.app */ = {isa = PBXFileReference; explicitFileType = wrapper.application; includeInIndex = 0; path = GithubUserSearch2.app; sourceTree = BUILT_PRODUCTS_DIR; };
		19FF81771AFAFA8000721F5B /* Info.plist */ = {isa = PBXFileReference; lastKnownFileType = text.plist.xml; path = Info.plist; sourceTree = "<group>"; };
		19FF81781AFAFA8000721F5B /* AppDelegate.swift */ = {isa = PBXFileReference; lastKnownFileType = sourcecode.swift; path = AppDelegate.swift; sourceTree = "<group>"; };
		19FF817A1AFAFA8000721F5B /* ViewController.swift */ = {isa = PBXFileReference; lastKnownFileType = sourcecode.swift; path = ViewController.swift; sourceTree = "<group>"; };
		19FF817D1AFAFA8000721F5B /* Base */ = {isa = PBXFileReference; lastKnownFileType = file.storyboard; name = Base; path = Base.lproj/Main.storyboard; sourceTree = "<group>"; };
		19FF817F1AFAFA8000721F5B /* Images.xcassets */ = {isa = PBXFileReference; lastKnownFileType = folder.assetcatalog; path = Images.xcassets; sourceTree = "<group>"; };
		19FF81821AFAFA8000721F5B /* Base */ = {isa = PBXFileReference; lastKnownFileType = file.xib; name = Base; path = Base.lproj/LaunchScreen.xib; sourceTree = "<group>"; };
		19FF81881AFAFA8000721F5B /* GithubUserSearch2Tests.xctest */ = {isa = PBXFileReference; explicitFileType = wrapper.cfbundle; includeInIndex = 0; path = GithubUserSearch2Tests.xctest; sourceTree = BUILT_PRODUCTS_DIR; };
		19FF818D1AFAFA8000721F5B /* Info.plist */ = {isa = PBXFileReference; lastKnownFileType = text.plist.xml; path = Info.plist; sourceTree = "<group>"; };
		19FF818E1AFAFA8000721F5B /* GithubUserSearch2Tests.swift */ = {isa = PBXFileReference; lastKnownFileType = sourcecode.swift; path = GithubUserSearch2Tests.swift; sourceTree = "<group>"; };
/* End PBXFileReference section */

/* Begin PBXFrameworksBuildPhase section */
		19FF81701AFAFA8000721F5B /* Frameworks */ = {
			isa = PBXFrameworksBuildPhase;
			buildActionMask = 2147483647;
			files = (
				197C014D1AFD4E250056EA2C /* Alamofire.framework in Frameworks */,
			);
			runOnlyForDeploymentPostprocessing = 0;
		};
		19FF81851AFAFA8000721F5B /* Frameworks */ = {
			isa = PBXFrameworksBuildPhase;
			buildActionMask = 2147483647;
			files = (
			);
			runOnlyForDeploymentPostprocessing = 0;
		};
/* End PBXFrameworksBuildPhase section */

/* Begin PBXGroup section */
		197C013A1AFD4C840056EA2C /* Products */ = {
			isa = PBXGroup;
			children = (
				197C01411AFD4C840056EA2C /* Alamofire.framework */,
				197C01431AFD4C840056EA2C /* Alamofire.framework */,
				197C01451AFD4C840056EA2C /* Alamofire iOS Tests.xctest */,
				197C01471AFD4C840056EA2C /* Alamofire OSX Tests.xctest */,
			);
			name = Products;
			sourceTree = "<group>";
		};
		19FF816A1AFAFA8000721F5B = {
			isa = PBXGroup;
			children = (
				197C01391AFD4C840056EA2C /* Alamofire.xcodeproj */,
				19FF81751AFAFA8000721F5B /* GithubUserSearch2 */,
				19FF818B1AFAFA8000721F5B /* GithubUserSearch2Tests */,
				19FF81741AFAFA8000721F5B /* Products */,
			);
			sourceTree = "<group>";
		};
		19FF81741AFAFA8000721F5B /* Products */ = {
			isa = PBXGroup;
			children = (
				19FF81731AFAFA8000721F5B /* GithubUserSearch2.app */,
				19FF81881AFAFA8000721F5B /* GithubUserSearch2Tests.xctest */,
			);
			name = Products;
			sourceTree = "<group>";
		};
		19FF81751AFAFA8000721F5B /* GithubUserSearch2 */ = {
			isa = PBXGroup;
			children = (
				19FF81781AFAFA8000721F5B /* AppDelegate.swift */,
				19FF817A1AFAFA8000721F5B /* ViewController.swift */,
				197C01541AFD509A0056EA2C /* GithubUserSearchAPI.swift */,
				197C01521AFD4ED60056EA2C /* User.swift */,
				197C01201AFBD4070056EA2C /* UserDetailViewController.swift */,
				19FF817C1AFAFA8000721F5B /* Main.storyboard */,
				19FF817F1AFAFA8000721F5B /* Images.xcassets */,
				19FF81811AFAFA8000721F5B /* LaunchScreen.xib */,
				19FF81761AFAFA8000721F5B /* Supporting Files */,
			);
			path = GithubUserSearch2;
			sourceTree = "<group>";
		};
		19FF81761AFAFA8000721F5B /* Supporting Files */ = {
			isa = PBXGroup;
			children = (
				19FF81771AFAFA8000721F5B /* Info.plist */,
			);
			name = "Supporting Files";
			sourceTree = "<group>";
		};
		19FF818B1AFAFA8000721F5B /* GithubUserSearch2Tests */ = {
			isa = PBXGroup;
			children = (
				19FF818E1AFAFA8000721F5B /* GithubUserSearch2Tests.swift */,
				19FF818C1AFAFA8000721F5B /* Supporting Files */,
			);
			path = GithubUserSearch2Tests;
			sourceTree = "<group>";
		};
		19FF818C1AFAFA8000721F5B /* Supporting Files */ = {
			isa = PBXGroup;
			children = (
				19FF818D1AFAFA8000721F5B /* Info.plist */,
			);
			name = "Supporting Files";
			sourceTree = "<group>";
		};
/* End PBXGroup section */

/* Begin PBXNativeTarget section */
		19FF81721AFAFA8000721F5B /* GithubUserSearch2 */ = {
			isa = PBXNativeTarget;
			buildConfigurationList = 19FF81921AFAFA8000721F5B /* Build configuration list for PBXNativeTarget "GithubUserSearch2" */;
			buildPhases = (
				19FF816F1AFAFA8000721F5B /* Sources */,
				19FF81701AFAFA8000721F5B /* Frameworks */,
				19FF81711AFAFA8000721F5B /* Resources */,
				197C01511AFD4E250056EA2C /* Embed Frameworks */,
			);
			buildRules = (
			);
			dependencies = (
				197C01501AFD4E250056EA2C /* PBXTargetDependency */,
			);
			name = GithubUserSearch2;
			productName = GithubUserSearch2;
			productReference = 19FF81731AFAFA8000721F5B /* GithubUserSearch2.app */;
			productType = "com.apple.product-type.application";
		};
		19FF81871AFAFA8000721F5B /* GithubUserSearch2Tests */ = {
			isa = PBXNativeTarget;
			buildConfigurationList = 19FF81951AFAFA8000721F5B /* Build configuration list for PBXNativeTarget "GithubUserSearch2Tests" */;
			buildPhases = (
				19FF81841AFAFA8000721F5B /* Sources */,
				19FF81851AFAFA8000721F5B /* Frameworks */,
				19FF81861AFAFA8000721F5B /* Resources */,
			);
			buildRules = (
			);
			dependencies = (
				19FF818A1AFAFA8000721F5B /* PBXTargetDependency */,
			);
			name = GithubUserSearch2Tests;
			productName = GithubUserSearch2Tests;
			productReference = 19FF81881AFAFA8000721F5B /* GithubUserSearch2Tests.xctest */;
			productType = "com.apple.product-type.bundle.unit-test";
		};
/* End PBXNativeTarget section */

/* Begin PBXProject section */
		19FF816B1AFAFA8000721F5B /* Project object */ = {
			isa = PBXProject;
			attributes = {
				LastUpgradeCheck = 0630;
				ORGANIZATIONNAME = "Kohei Arai";
				TargetAttributes = {
					19FF81721AFAFA8000721F5B = {
						CreatedOnToolsVersion = 6.3.1;
					};
					19FF81871AFAFA8000721F5B = {
						CreatedOnToolsVersion = 6.3.1;
						TestTargetID = 19FF81721AFAFA8000721F5B;
					};
				};
			};
			buildConfigurationList = 19FF816E1AFAFA8000721F5B /* Build configuration list for PBXProject "GithubUserSearch2" */;
			compatibilityVersion = "Xcode 3.2";
			developmentRegion = English;
			hasScannedForEncodings = 0;
			knownRegions = (
				en,
				Base,
			);
			mainGroup = 19FF816A1AFAFA8000721F5B;
			productRefGroup = 19FF81741AFAFA8000721F5B /* Products */;
			projectDirPath = "";
			projectReferences = (
				{
					ProductGroup = 197C013A1AFD4C840056EA2C /* Products */;
					ProjectRef = 197C01391AFD4C840056EA2C /* Alamofire.xcodeproj */;
				},
			);
			projectRoot = "";
			targets = (
				19FF81721AFAFA8000721F5B /* GithubUserSearch2 */,
				19FF81871AFAFA8000721F5B /* GithubUserSearch2Tests */,
			);
		};
/* End PBXProject section */

/* Begin PBXReferenceProxy section */
		197C01411AFD4C840056EA2C /* Alamofire.framework */ = {
			isa = PBXReferenceProxy;
			fileType = wrapper.framework;
			path = Alamofire.framework;
			remoteRef = 197C01401AFD4C840056EA2C /* PBXContainerItemProxy */;
			sourceTree = BUILT_PRODUCTS_DIR;
		};
		197C01431AFD4C840056EA2C /* Alamofire.framework */ = {
			isa = PBXReferenceProxy;
			fileType = wrapper.framework;
			path = Alamofire.framework;
			remoteRef = 197C01421AFD4C840056EA2C /* PBXContainerItemProxy */;
			sourceTree = BUILT_PRODUCTS_DIR;
		};
		197C01451AFD4C840056EA2C /* Alamofire iOS Tests.xctest */ = {
			isa = PBXReferenceProxy;
			fileType = wrapper.cfbundle;
			path = "Alamofire iOS Tests.xctest";
			remoteRef = 197C01441AFD4C840056EA2C /* PBXContainerItemProxy */;
			sourceTree = BUILT_PRODUCTS_DIR;
		};
		197C01471AFD4C840056EA2C /* Alamofire OSX Tests.xctest */ = {
			isa = PBXReferenceProxy;
			fileType = wrapper.cfbundle;
			path = "Alamofire OSX Tests.xctest";
			remoteRef = 197C01461AFD4C840056EA2C /* PBXContainerItemProxy */;
			sourceTree = BUILT_PRODUCTS_DIR;
		};
/* End PBXReferenceProxy section */

/* Begin PBXResourcesBuildPhase section */
		19FF81711AFAFA8000721F5B /* Resources */ = {
			isa = PBXResourcesBuildPhase;
			buildActionMask = 2147483647;
			files = (
				19FF817E1AFAFA8000721F5B /* Main.storyboard in Resources */,
				19FF81831AFAFA8000721F5B /* LaunchScreen.xib in Resources */,
				19FF81801AFAFA8000721F5B /* Images.xcassets in Resources */,
			);
			runOnlyForDeploymentPostprocessing = 0;
		};
		19FF81861AFAFA8000721F5B /* Resources */ = {
			isa = PBXResourcesBuildPhase;
			buildActionMask = 2147483647;
			files = (
			);
			runOnlyForDeploymentPostprocessing = 0;
		};
/* End PBXResourcesBuildPhase section */

/* Begin PBXSourcesBuildPhase section */
		19FF816F1AFAFA8000721F5B /* Sources */ = {
			isa = PBXSourcesBuildPhase;
			buildActionMask = 2147483647;
			files = (
				197C01531AFD4ED60056EA2C /* User.swift in Sources */,
				19FF817B1AFAFA8000721F5B /* ViewController.swift in Sources */,
				19FF81791AFAFA8000721F5B /* AppDelegate.swift in Sources */,
				197C01211AFBD4070056EA2C /* UserDetailViewController.swift in Sources */,
				197C01551AFD509A0056EA2C /* GithubUserSearchAPI.swift in Sources */,
			);
			runOnlyForDeploymentPostprocessing = 0;
		};
		19FF81841AFAFA8000721F5B /* Sources */ = {
			isa = PBXSourcesBuildPhase;
			buildActionMask = 2147483647;
			files = (
				19FF818F1AFAFA8000721F5B /* GithubUserSearch2Tests.swift in Sources */,
			);
			runOnlyForDeploymentPostprocessing = 0;
		};
/* End PBXSourcesBuildPhase section */

/* Begin PBXTargetDependency section */
		197C01501AFD4E250056EA2C /* PBXTargetDependency */ = {
			isa = PBXTargetDependency;
			name = "Alamofire iOS";
			targetProxy = 197C014F1AFD4E250056EA2C /* PBXContainerItemProxy */;
		};
		19FF818A1AFAFA8000721F5B /* PBXTargetDependency */ = {
			isa = PBXTargetDependency;
			target = 19FF81721AFAFA8000721F5B /* GithubUserSearch2 */;
			targetProxy = 19FF81891AFAFA8000721F5B /* PBXContainerItemProxy */;
		};
/* End PBXTargetDependency section */

/* Begin PBXVariantGroup section */
		19FF817C1AFAFA8000721F5B /* Main.storyboard */ = {
			isa = PBXVariantGroup;
			children = (
				19FF817D1AFAFA8000721F5B /* Base */,
			);
			name = Main.storyboard;
			sourceTree = "<group>";
		};
		19FF81811AFAFA8000721F5B /* LaunchScreen.xib */ = {
			isa = PBXVariantGroup;
			children = (
				19FF81821AFAFA8000721F5B /* Base */,
			);
			name = LaunchScreen.xib;
			sourceTree = "<group>";
		};
/* End PBXVariantGroup section */

/* Begin XCBuildConfiguration section */
		19FF81901AFAFA8000721F5B /* Debug */ = {
			isa = XCBuildConfiguration;
			buildSettings = {
				ALWAYS_SEARCH_USER_PATHS = NO;
				CLANG_CXX_LANGUAGE_STANDARD = "gnu++0x";
				CLANG_CXX_LIBRARY = "libc++";
				CLANG_ENABLE_MODULES = YES;
				CLANG_ENABLE_OBJC_ARC = YES;
				CLANG_WARN_BOOL_CONVERSION = YES;
				CLANG_WARN_CONSTANT_CONVERSION = YES;
				CLANG_WARN_DIRECT_OBJC_ISA_USAGE = YES_ERROR;
				CLANG_WARN_EMPTY_BODY = YES;
				CLANG_WARN_ENUM_CONVERSION = YES;
				CLANG_WARN_INT_CONVERSION = YES;
				CLANG_WARN_OBJC_ROOT_CLASS = YES_ERROR;
				CLANG_WARN_UNREACHABLE_CODE = YES;
				CLANG_WARN__DUPLICATE_METHOD_MATCH = YES;
				"CODE_SIGN_IDENTITY[sdk=iphoneos*]" = "iPhone Developer";
				COPY_PHASE_STRIP = NO;
				DEBUG_INFORMATION_FORMAT = "dwarf-with-dsym";
				ENABLE_STRICT_OBJC_MSGSEND = YES;
				GCC_C_LANGUAGE_STANDARD = gnu99;
				GCC_DYNAMIC_NO_PIC = NO;
				GCC_NO_COMMON_BLOCKS = YES;
				GCC_OPTIMIZATION_LEVEL = 0;
				GCC_PREPROCESSOR_DEFINITIONS = (
					"DEBUG=1",
					"$(inherited)",
				);
				GCC_SYMBOLS_PRIVATE_EXTERN = NO;
				GCC_WARN_64_TO_32_BIT_CONVERSION = YES;
				GCC_WARN_ABOUT_RETURN_TYPE = YES_ERROR;
				GCC_WARN_UNDECLARED_SELECTOR = YES;
				GCC_WARN_UNINITIALIZED_AUTOS = YES_AGGRESSIVE;
				GCC_WARN_UNUSED_FUNCTION = YES;
				GCC_WARN_UNUSED_VARIABLE = YES;
				IPHONEOS_DEPLOYMENT_TARGET = 8.3;
				MTL_ENABLE_DEBUG_INFO = YES;
				ONLY_ACTIVE_ARCH = YES;
				SDKROOT = iphoneos;
				SWIFT_OPTIMIZATION_LEVEL = "-Onone";
			};
			name = Debug;
		};
		19FF81911AFAFA8000721F5B /* Release */ = {
			isa = XCBuildConfiguration;
			buildSettings = {
				ALWAYS_SEARCH_USER_PATHS = NO;
				CLANG_CXX_LANGUAGE_STANDARD = "gnu++0x";
				CLANG_CXX_LIBRARY = "libc++";
				CLANG_ENABLE_MODULES = YES;
				CLANG_ENABLE_OBJC_ARC = YES;
				CLANG_WARN_BOOL_CONVERSION = YES;
				CLANG_WARN_CONSTANT_CONVERSION = YES;
				CLANG_WARN_DIRECT_OBJC_ISA_USAGE = YES_ERROR;
				CLANG_WARN_EMPTY_BODY = YES;
				CLANG_WARN_ENUM_CONVERSION = YES;
				CLANG_WARN_INT_CONVERSION = YES;
				CLANG_WARN_OBJC_ROOT_CLASS = YES_ERROR;
				CLANG_WARN_UNREACHABLE_CODE = YES;
				CLANG_WARN__DUPLICATE_METHOD_MATCH = YES;
				"CODE_SIGN_IDENTITY[sdk=iphoneos*]" = "iPhone Developer";
				COPY_PHASE_STRIP = NO;
				DEBUG_INFORMATION_FORMAT = "dwarf-with-dsym";
				ENABLE_NS_ASSERTIONS = NO;
				ENABLE_STRICT_OBJC_MSGSEND = YES;
				GCC_C_LANGUAGE_STANDARD = gnu99;
				GCC_NO_COMMON_BLOCKS = YES;
				GCC_WARN_64_TO_32_BIT_CONVERSION = YES;
				GCC_WARN_ABOUT_RETURN_TYPE = YES_ERROR;
				GCC_WARN_UNDECLARED_SELECTOR = YES;
				GCC_WARN_UNINITIALIZED_AUTOS = YES_AGGRESSIVE;
				GCC_WARN_UNUSED_FUNCTION = YES;
				GCC_WARN_UNUSED_VARIABLE = YES;
				IPHONEOS_DEPLOYMENT_TARGET = 8.3;
				MTL_ENABLE_DEBUG_INFO = NO;
				SDKROOT = iphoneos;
				VALIDATE_PRODUCT = YES;
			};
			name = Release;
		};
		19FF81931AFAFA8000721F5B /* Debug */ = {
			isa = XCBuildConfiguration;
			buildSettings = {
				ASSETCATALOG_COMPILER_APPICON_NAME = AppIcon;
				INFOPLIST_FILE = GithubUserSearch2/Info.plist;
				LD_RUNPATH_SEARCH_PATHS = "$(inherited) @executable_path/Frameworks";
				PRODUCT_NAME = "$(TARGET_NAME)";
			};
			name = Debug;
		};
		19FF81941AFAFA8000721F5B /* Release */ = {
			isa = XCBuildConfiguration;
			buildSettings = {
				ASSETCATALOG_COMPILER_APPICON_NAME = AppIcon;
				INFOPLIST_FILE = GithubUserSearch2/Info.plist;
				LD_RUNPATH_SEARCH_PATHS = "$(inherited) @executable_path/Frameworks";
				PRODUCT_NAME = "$(TARGET_NAME)";
			};
			name = Release;
		};
		19FF81961AFAFA8000721F5B /* Debug */ = {
			isa = XCBuildConfiguration;
			buildSettings = {
				BUNDLE_LOADER = "$(TEST_HOST)";
				FRAMEWORK_SEARCH_PATHS = (
					"$(SDKROOT)/Developer/Library/Frameworks",
					"$(inherited)",
				);
				GCC_PREPROCESSOR_DEFINITIONS = (
					"DEBUG=1",
					"$(inherited)",
				);
				INFOPLIST_FILE = GithubUserSearch2Tests/Info.plist;
				LD_RUNPATH_SEARCH_PATHS = "$(inherited) @executable_path/Frameworks @loader_path/Frameworks";
				PRODUCT_NAME = "$(TARGET_NAME)";
				TEST_HOST = "$(BUILT_PRODUCTS_DIR)/GithubUserSearch2.app/GithubUserSearch2";
			};
			name = Debug;
		};
		19FF81971AFAFA8000721F5B /* Release */ = {
			isa = XCBuildConfiguration;
			buildSettings = {
				BUNDLE_LOADER = "$(TEST_HOST)";
				FRAMEWORK_SEARCH_PATHS = (
					"$(SDKROOT)/Developer/Library/Frameworks",
					"$(inherited)",
				);
				INFOPLIST_FILE = GithubUserSearch2Tests/Info.plist;
				LD_RUNPATH_SEARCH_PATHS = "$(inherited) @executable_path/Frameworks @loader_path/Frameworks";
				PRODUCT_NAME = "$(TARGET_NAME)";
				TEST_HOST = "$(BUILT_PRODUCTS_DIR)/GithubUserSearch2.app/GithubUserSearch2";
			};
			name = Release;
		};
/* End XCBuildConfiguration section */

/* Begin XCConfigurationList section */
		19FF816E1AFAFA8000721F5B /* Build configuration list for PBXProject "GithubUserSearch2" */ = {
			isa = XCConfigurationList;
			buildConfigurations = (
				19FF81901AFAFA8000721F5B /* Debug */,
				19FF81911AFAFA8000721F5B /* Release */,
			);
			defaultConfigurationIsVisible = 0;
			defaultConfigurationName = Release;
		};
		19FF81921AFAFA8000721F5B /* Build configuration list for PBXNativeTarget "GithubUserSearch2" */ = {
			isa = XCConfigurationList;
			buildConfigurations = (
				19FF81931AFAFA8000721F5B /* Debug */,
				19FF81941AFAFA8000721F5B /* Release */,
			);
			defaultConfigurationIsVisible = 0;
			defaultConfigurationName = Release;
		};
		19FF81951AFAFA8000721F5B /* Build configuration list for PBXNativeTarget "GithubUserSearch2Tests" */ = {
			isa = XCConfigurationList;
			buildConfigurations = (
				19FF81961AFAFA8000721F5B /* Debug */,
				19FF81971AFAFA8000721F5B /* Release */,
			);
			defaultConfigurationIsVisible = 0;
			defaultConfigurationName = Release;
		};
/* End XCConfigurationList section */
	};
	rootObject = 19FF816B1AFAFA8000721F5B /* Project object */;
}
